
Microsoft Visual Studio Solution File, Format Version 12.00
# Visual Studio Version 17
VisualStudioVersion = 17.13.35806.99
MinimumVisualStudioVersion = 10.0.40219.1
Project("{FAE04EC0-301F-11D3-BF4B-00C04F79EFBC}") = "proyectoTwo", "proyectoTwo\proyectoTwo.csproj", "{1765A92F-5B36-4A61-B2DE-1339D265C03E}"
EndProject
Project("{FAE04EC0-301F-11D3-BF4B-00C04F79EFBC}") = "Database", "Database\Database.csproj", "{5D2C7CAA-D63E-7440-65F5-3727EF6D6D5B}"
EndProject
Project("{FAE04EC0-301F-11D3-BF4B-00C04F79EFBC}") = "Application", "Application\Application.csproj", "{77FB9F74-D53B-406A-BFDB-62E712702399}"
EndProject
Global
	GlobalSection(SolutionConfigurationPlatforms) = preSolution
		Debug|Any CPU = Debug|Any CPU
		Release|Any CPU = Release|Any CPU
	EndGlobalSection
	GlobalSection(ProjectConfigurationPlatforms) = postSolution
		{1765A92F-5B36-4A61-B2DE-1339D265C03E}.Debug|Any CPU.ActiveCfg = Debug|Any CPU
		{1765A92F-5B36-4A61-B2DE-1339D265C03E}.Debug|Any CPU.Build.0 = Debug|Any CPU
		{1765A92F-5B36-4A61-B2DE-1339D265C03E}.Release|Any CPU.ActiveCfg = Release|Any CPU
		{1765A92F-5B36-4A61-B2DE-1339D265C03E}.Release|Any CPU.Build.0 = Release|Any CPU
		{5D2C7CAA-D63E-7440-65F5-3727EF6D6D5B}.Debug|Any CPU.ActiveCfg = Debug|Any CPU
		{5D2C7CAA-D63E-7440-65F5-3727EF6D6D5B}.Debug|Any CPU.Build.0 = Debug|Any CPU
		{5D2C7CAA-D63E-7440-65F5-3727EF6D6D5B}.Release|Any CPU.ActiveCfg = Release|Any CPU
		{5D2C7CAA-D63E-7440-65F5-3727EF6D6D5B}.Release|Any CPU.Build.0 = Release|Any CPU
		{77FB9F74-D53B-406A-BFDB-62E712702399}.Debug|Any CPU.ActiveCfg = Debug|Any CPU
		{77FB9F74-D53B-406A-BFDB-62E712702399}.Debug|Any CPU.Build.0 = Debug|Any CPU
		{77FB9F74-D53B-406A-BFDB-62E712702399}.Release|Any CPU.ActiveCfg = Release|Any CPU
		{77FB9F74-D53B-406A-BFDB-62E712702399}.Release|Any CPU.Build.0 = Release|Any CPU
	EndGlobalSection
	GlobalSection(SolutionProperties) = preSolution
		HideSolutionNode = FALSE
	EndGlobalSection
	GlobalSection(ExtensibilityGlobals) = postSolution
		SolutionGuid = {F799E67D-F86C-4551-BA12-E3E591426758}
	EndGlobalSection
EndGlobal
